
Microsoft Visual Studio Solution File, Format Version 12.00
# Visual Studio Version 16
VisualStudioVersion = 16.0.33423.256
MinimumVisualStudioVersion = 10.0.40219.1
Project("{FAE04EC0-301F-11D3-BF4B-00C04F79EFBC}") = "BongDa", "BongDa\BongDa.csproj", "{0ACDC887-5BE3-45B6-BD24-3CBC4217BB4D}"
EndProject
Global
	GlobalSection(SolutionConfigurationPlatforms) = preSolution
		Debug|Any CPU = Debug|Any CPU
		Release|Any CPU = Release|Any CPU
	EndGlobalSection
	GlobalSection(ProjectConfigurationPlatforms) = postSolution
		{0ACDC887-5BE3-45B6-BD24-3CBC4217BB4D}.Debug|Any CPU.ActiveCfg = Debug|Any CPU
		{0ACDC887-5BE3-45B6-BD24-3CBC4217BB4D}.Debug|Any CPU.Build.0 = Debug|Any CPU
		{0ACDC887-5BE3-45B6-BD24-3CBC4217BB4D}.Release|Any CPU.ActiveCfg = Release|Any CPU
		{0ACDC887-5BE3-45B6-BD24-3CBC4217BB4D}.Release|Any CPU.Build.0 = Release|Any CPU
	EndGlobalSection
	GlobalSection(SolutionProperties) = preSolution
		HideSolutionNode = FALSE
	EndGlobalSection
	GlobalSection(ExtensibilityGlobals) = postSolution
		SolutionGuid = {3B439BED-41FF-42EB-881A-F303F963A307}
	EndGlobalSection
EndGlobal
