
Microsoft Visual Studio Solution File, Format Version 12.00
# Visual Studio Version 16
VisualStudioVersion = 16.0.33423.256
MinimumVisualStudioVersion = 10.0.40219.1
Project("{FAE04EC0-301F-11D3-BF4B-00C04F79EFBC}") = "Bai1", "Bai1\Bai1.csproj", "{DE230095-5551-4FAA-8AF3-00EE73490DE7}"
EndProject
Project("{FAE04EC0-301F-11D3-BF4B-00C04F79EFBC}") = "Bai2", "Bai2\Bai2.csproj", "{589FB8ED-019E-4686-B13F-9DD6C8B466EB}"
EndProject
Global
	GlobalSection(SolutionConfigurationPlatforms) = preSolution
		Debug|Any CPU = Debug|Any CPU
		Release|Any CPU = Release|Any CPU
	EndGlobalSection
	GlobalSection(ProjectConfigurationPlatforms) = postSolution
		{DE230095-5551-4FAA-8AF3-00EE73490DE7}.Debug|Any CPU.ActiveCfg = Debug|Any CPU
		{DE230095-5551-4FAA-8AF3-00EE73490DE7}.Debug|Any CPU.Build.0 = Debug|Any CPU
		{DE230095-5551-4FAA-8AF3-00EE73490DE7}.Release|Any CPU.ActiveCfg = Release|Any CPU
		{DE230095-5551-4FAA-8AF3-00EE73490DE7}.Release|Any CPU.Build.0 = Release|Any CPU
		{589FB8ED-019E-4686-B13F-9DD6C8B466EB}.Debug|Any CPU.ActiveCfg = Debug|Any CPU
		{589FB8ED-019E-4686-B13F-9DD6C8B466EB}.Debug|Any CPU.Build.0 = Debug|Any CPU
		{589FB8ED-019E-4686-B13F-9DD6C8B466EB}.Release|Any CPU.ActiveCfg = Release|Any CPU
		{589FB8ED-019E-4686-B13F-9DD6C8B466EB}.Release|Any CPU.Build.0 = Release|Any CPU
	EndGlobalSection
	GlobalSection(SolutionProperties) = preSolution
		HideSolutionNode = FALSE
	EndGlobalSection
	GlobalSection(ExtensibilityGlobals) = postSolution
		SolutionGuid = {2F436799-2187-4BD1-85EC-280E5650D1BE}
	EndGlobalSection
EndGlobal
