
Microsoft Visual Studio Solution File, Format Version 12.00
# Visual Studio Version 16
VisualStudioVersion = 16.0.33423.256
MinimumVisualStudioVersion = 10.0.40219.1
Project("{FAE04EC0-301F-11D3-BF4B-00C04F79EFBC}") = "Phieu3_PhanThiLanAnh", "Phieu3_PhanThiLanAnh\Phieu3_PhanThiLanAnh.csproj", "{C03E7AF8-373E-4CFE-A9D5-A69EB928E091}"
EndProject
Global
	GlobalSection(SolutionConfigurationPlatforms) = preSolution
		Debug|Any CPU = Debug|Any CPU
		Release|Any CPU = Release|Any CPU
	EndGlobalSection
	GlobalSection(ProjectConfigurationPlatforms) = postSolution
		{C03E7AF8-373E-4CFE-A9D5-A69EB928E091}.Debug|Any CPU.ActiveCfg = Debug|Any CPU
		{C03E7AF8-373E-4CFE-A9D5-A69EB928E091}.Debug|Any CPU.Build.0 = Debug|Any CPU
		{C03E7AF8-373E-4CFE-A9D5-A69EB928E091}.Release|Any CPU.ActiveCfg = Release|Any CPU
		{C03E7AF8-373E-4CFE-A9D5-A69EB928E091}.Release|Any CPU.Build.0 = Release|Any CPU
	EndGlobalSection
	GlobalSection(SolutionProperties) = preSolution
		HideSolutionNode = FALSE
	EndGlobalSection
	GlobalSection(ExtensibilityGlobals) = postSolution
		SolutionGuid = {EC6943D6-C163-401A-B3CD-372DD04A085B}
	EndGlobalSection
EndGlobal
