
Microsoft Visual Studio Solution File, Format Version 12.00
# Visual Studio Version 16
VisualStudioVersion = 16.0.33423.256
MinimumVisualStudioVersion = 10.0.40219.1
Project("{FAE04EC0-301F-11D3-BF4B-00C04F79EFBC}") = "Bai2", "Bai2\Bai2.csproj", "{9437AFC1-102F-4E28-8C74-14AC52E95ECE}"
EndProject
Global
	GlobalSection(SolutionConfigurationPlatforms) = preSolution
		Debug|Any CPU = Debug|Any CPU
		Release|Any CPU = Release|Any CPU
	EndGlobalSection
	GlobalSection(ProjectConfigurationPlatforms) = postSolution
		{9437AFC1-102F-4E28-8C74-14AC52E95ECE}.Debug|Any CPU.ActiveCfg = Debug|Any CPU
		{9437AFC1-102F-4E28-8C74-14AC52E95ECE}.Debug|Any CPU.Build.0 = Debug|Any CPU
		{9437AFC1-102F-4E28-8C74-14AC52E95ECE}.Release|Any CPU.ActiveCfg = Release|Any CPU
		{9437AFC1-102F-4E28-8C74-14AC52E95ECE}.Release|Any CPU.Build.0 = Release|Any CPU
	EndGlobalSection
	GlobalSection(SolutionProperties) = preSolution
		HideSolutionNode = FALSE
	EndGlobalSection
	GlobalSection(ExtensibilityGlobals) = postSolution
		SolutionGuid = {4F54B325-FADF-491D-B2F2-B3F51EC3FBDD}
	EndGlobalSection
EndGlobal
