
Microsoft Visual Studio Solution File, Format Version 12.00
# Visual Studio Version 16
VisualStudioVersion = 16.0.31402.337
MinimumVisualStudioVersion = 10.0.40219.1
Project("{FAE04EC0-301F-11D3-BF4B-00C04F79EFBC}") = "Bai1", "Bai1\Bai1.csproj", "{AE235BA8-2202-4DDE-AD88-470DEE815F60}"
EndProject
Project("{FAE04EC0-301F-11D3-BF4B-00C04F79EFBC}") = "Bai2", "Bai2\Bai2.csproj", "{3473940A-D43B-45C5-A91E-C6BED401D3E1}"
EndProject
Global
	GlobalSection(SolutionConfigurationPlatforms) = preSolution
		Debug|Any CPU = Debug|Any CPU
		Release|Any CPU = Release|Any CPU
	EndGlobalSection
	GlobalSection(ProjectConfigurationPlatforms) = postSolution
		{AE235BA8-2202-4DDE-AD88-470DEE815F60}.Debug|Any CPU.ActiveCfg = Debug|Any CPU
		{AE235BA8-2202-4DDE-AD88-470DEE815F60}.Debug|Any CPU.Build.0 = Debug|Any CPU
		{AE235BA8-2202-4DDE-AD88-470DEE815F60}.Release|Any CPU.ActiveCfg = Release|Any CPU
		{AE235BA8-2202-4DDE-AD88-470DEE815F60}.Release|Any CPU.Build.0 = Release|Any CPU
		{3473940A-D43B-45C5-A91E-C6BED401D3E1}.Debug|Any CPU.ActiveCfg = Debug|Any CPU
		{3473940A-D43B-45C5-A91E-C6BED401D3E1}.Debug|Any CPU.Build.0 = Debug|Any CPU
		{3473940A-D43B-45C5-A91E-C6BED401D3E1}.Release|Any CPU.ActiveCfg = Release|Any CPU
		{3473940A-D43B-45C5-A91E-C6BED401D3E1}.Release|Any CPU.Build.0 = Release|Any CPU
	EndGlobalSection
	GlobalSection(SolutionProperties) = preSolution
		HideSolutionNode = FALSE
	EndGlobalSection
	GlobalSection(ExtensibilityGlobals) = postSolution
		SolutionGuid = {DE679BFA-A2C5-4E78-AB14-6F573EC6D58F}
	EndGlobalSection
EndGlobal
