
Microsoft Visual Studio Solution File, Format Version 12.00
# Visual Studio Version 16
VisualStudioVersion = 16.0.33423.256
MinimumVisualStudioVersion = 10.0.40219.1
Project("{FAE04EC0-301F-11D3-BF4B-00C04F79EFBC}") = "Bai1", "Bai1\Bai1.csproj", "{22AC1084-6FF6-48C5-A215-DAB7A376B79C}"
EndProject
Project("{FAE04EC0-301F-11D3-BF4B-00C04F79EFBC}") = "Bai2", "Bai2\Bai2.csproj", "{3C506D44-C1C1-42B8-8A2B-91C269CEEB76}"
EndProject
Global
	GlobalSection(SolutionConfigurationPlatforms) = preSolution
		Debug|Any CPU = Debug|Any CPU
		Release|Any CPU = Release|Any CPU
	EndGlobalSection
	GlobalSection(ProjectConfigurationPlatforms) = postSolution
		{22AC1084-6FF6-48C5-A215-DAB7A376B79C}.Debug|Any CPU.ActiveCfg = Debug|Any CPU
		{22AC1084-6FF6-48C5-A215-DAB7A376B79C}.Debug|Any CPU.Build.0 = Debug|Any CPU
		{22AC1084-6FF6-48C5-A215-DAB7A376B79C}.Release|Any CPU.ActiveCfg = Release|Any CPU
		{22AC1084-6FF6-48C5-A215-DAB7A376B79C}.Release|Any CPU.Build.0 = Release|Any CPU
		{3C506D44-C1C1-42B8-8A2B-91C269CEEB76}.Debug|Any CPU.ActiveCfg = Debug|Any CPU
		{3C506D44-C1C1-42B8-8A2B-91C269CEEB76}.Debug|Any CPU.Build.0 = Debug|Any CPU
		{3C506D44-C1C1-42B8-8A2B-91C269CEEB76}.Release|Any CPU.ActiveCfg = Release|Any CPU
		{3C506D44-C1C1-42B8-8A2B-91C269CEEB76}.Release|Any CPU.Build.0 = Release|Any CPU
	EndGlobalSection
	GlobalSection(SolutionProperties) = preSolution
		HideSolutionNode = FALSE
	EndGlobalSection
	GlobalSection(ExtensibilityGlobals) = postSolution
		SolutionGuid = {9D3EAAFA-0DA8-4FFD-A9BC-D5C20B4C63AA}
	EndGlobalSection
EndGlobal
