
Microsoft Visual Studio Solution File, Format Version 12.00
# Visual Studio Version 16
VisualStudioVersion = 16.0.33423.256
MinimumVisualStudioVersion = 10.0.40219.1
Project("{FAE04EC0-301F-11D3-BF4B-00C04F79EFBC}") = "Phieu2_PhanThiLanAnh", "Phieu2_PhanThiLanAnh\Phieu2_PhanThiLanAnh.csproj", "{4C2EA195-FAA1-4846-B4A6-1BEEBCFAAA3A}"
EndProject
Global
	GlobalSection(SolutionConfigurationPlatforms) = preSolution
		Debug|Any CPU = Debug|Any CPU
		Release|Any CPU = Release|Any CPU
	EndGlobalSection
	GlobalSection(ProjectConfigurationPlatforms) = postSolution
		{4C2EA195-FAA1-4846-B4A6-1BEEBCFAAA3A}.Debug|Any CPU.ActiveCfg = Debug|Any CPU
		{4C2EA195-FAA1-4846-B4A6-1BEEBCFAAA3A}.Debug|Any CPU.Build.0 = Debug|Any CPU
		{4C2EA195-FAA1-4846-B4A6-1BEEBCFAAA3A}.Release|Any CPU.ActiveCfg = Release|Any CPU
		{4C2EA195-FAA1-4846-B4A6-1BEEBCFAAA3A}.Release|Any CPU.Build.0 = Release|Any CPU
	EndGlobalSection
	GlobalSection(SolutionProperties) = preSolution
		HideSolutionNode = FALSE
	EndGlobalSection
	GlobalSection(ExtensibilityGlobals) = postSolution
		SolutionGuid = {B4319D28-3062-49A8-927A-5F53C4FAC5E8}
	EndGlobalSection
EndGlobal
